
Microsoft Visual Studio Solution File, Format Version 12.00
# Visual Studio Version 16
VisualStudioVersion = 16.0.34114.132
MinimumVisualStudioVersion = 10.0.40219.1
Project("{FAE04EC0-301F-11D3-BF4B-00C04F79EFBC}") = "Assignment", "Assignment\Assignment.csproj", "{CDAF0900-AB85-4C42-AEFF-97F667644155}"
EndProject
Project("{FAE04EC0-301F-11D3-BF4B-00C04F79EFBC}") = "AssignmentCL", "AssignmentCL\AssignmentCL.csproj", "{5E77EEF8-1E4F-40D6-8FA6-DC0172FF5A56}"
EndProject
Project("{FAE04EC0-301F-11D3-BF4B-00C04F79EFBC}") = "Tester", "Tester\Tester.csproj", "{B231CDFC-973C-463E-B736-BF1C69CE94E1}"
EndProject
Global
	GlobalSection(SolutionConfigurationPlatforms) = preSolution
		Debug|Any CPU = Debug|Any CPU
		Release|Any CPU = Release|Any CPU
	EndGlobalSection
	GlobalSection(ProjectConfigurationPlatforms) = postSolution
		{CDAF0900-AB85-4C42-AEFF-97F667644155}.Debug|Any CPU.ActiveCfg = Debug|Any CPU
		{CDAF0900-AB85-4C42-AEFF-97F667644155}.Debug|Any CPU.Build.0 = Debug|Any CPU
		{CDAF0900-AB85-4C42-AEFF-97F667644155}.Release|Any CPU.ActiveCfg = Release|Any CPU
		{CDAF0900-AB85-4C42-AEFF-97F667644155}.Release|Any CPU.Build.0 = Release|Any CPU
		{5E77EEF8-1E4F-40D6-8FA6-DC0172FF5A56}.Debug|Any CPU.ActiveCfg = Debug|Any CPU
		{5E77EEF8-1E4F-40D6-8FA6-DC0172FF5A56}.Debug|Any CPU.Build.0 = Debug|Any CPU
		{5E77EEF8-1E4F-40D6-8FA6-DC0172FF5A56}.Release|Any CPU.ActiveCfg = Release|Any CPU
		{5E77EEF8-1E4F-40D6-8FA6-DC0172FF5A56}.Release|Any CPU.Build.0 = Release|Any CPU
		{B231CDFC-973C-463E-B736-BF1C69CE94E1}.Debug|Any CPU.ActiveCfg = Debug|Any CPU
		{B231CDFC-973C-463E-B736-BF1C69CE94E1}.Debug|Any CPU.Build.0 = Debug|Any CPU
		{B231CDFC-973C-463E-B736-BF1C69CE94E1}.Release|Any CPU.ActiveCfg = Release|Any CPU
		{B231CDFC-973C-463E-B736-BF1C69CE94E1}.Release|Any CPU.Build.0 = Release|Any CPU
	EndGlobalSection
	GlobalSection(SolutionProperties) = preSolution
		HideSolutionNode = FALSE
	EndGlobalSection
	GlobalSection(ExtensibilityGlobals) = postSolution
		SolutionGuid = {3A52AAE5-51E1-4F73-8A15-5059FCB13F58}
	EndGlobalSection
EndGlobal
